
Microsoft Visual Studio Solution File, Format Version 12.00
# Visual Studio Version 17
VisualStudioVersion = 17.7.34221.43
MinimumVisualStudioVersion = 10.0.40219.1
Project("{FAE04EC0-301F-11D3-BF4B-00C04F79EFBC}") = "Lab9netframework", "WindowsFormsApp1\Lab9netframework.csproj", "{C3710ECB-E0C7-4107-9244-7E0C142FE622}"
EndProject
Project("{9A19103F-16F7-4668-BE54-9A1E7A4F7556}") = "TestProject1", "TestProject1\TestProject1.csproj", "{6C2FA432-F4BD-4137-9F2C-B69C631132FA}"
EndProject
Global
	GlobalSection(SolutionConfigurationPlatforms) = preSolution
		Debug|Any CPU = Debug|Any CPU
		Release|Any CPU = Release|Any CPU
	EndGlobalSection
	GlobalSection(ProjectConfigurationPlatforms) = postSolution
		{C3710ECB-E0C7-4107-9244-7E0C142FE622}.Debug|Any CPU.ActiveCfg = Debug|Any CPU
		{C3710ECB-E0C7-4107-9244-7E0C142FE622}.Debug|Any CPU.Build.0 = Debug|Any CPU
		{C3710ECB-E0C7-4107-9244-7E0C142FE622}.Release|Any CPU.ActiveCfg = Release|Any CPU
		{C3710ECB-E0C7-4107-9244-7E0C142FE622}.Release|Any CPU.Build.0 = Release|Any CPU
		{6C2FA432-F4BD-4137-9F2C-B69C631132FA}.Debug|Any CPU.ActiveCfg = Debug|Any CPU
		{6C2FA432-F4BD-4137-9F2C-B69C631132FA}.Debug|Any CPU.Build.0 = Debug|Any CPU
		{6C2FA432-F4BD-4137-9F2C-B69C631132FA}.Release|Any CPU.ActiveCfg = Release|Any CPU
		{6C2FA432-F4BD-4137-9F2C-B69C631132FA}.Release|Any CPU.Build.0 = Release|Any CPU
	EndGlobalSection
	GlobalSection(SolutionProperties) = preSolution
		HideSolutionNode = FALSE
	EndGlobalSection
	GlobalSection(ExtensibilityGlobals) = postSolution
		SolutionGuid = {0936773B-8D76-4941-BAF0-C3AEFC18C882}
	EndGlobalSection
EndGlobal
